
Microsoft Visual Studio Solution File, Format Version 12.00
# Visual Studio Version 17
VisualStudioVersion = 17.8.34322.80
MinimumVisualStudioVersion = 10.0.40219.1
Project("{9A19103F-16F7-4668-BE54-9A1E7A4F7556}") = "Solutions", "Source\Solutions.csproj", "{2C18F39D-0F44-47B0-960B-1A78B4DFCD27}"
EndProject
Project("{FAE04EC0-301F-11D3-BF4B-00C04F79EFBC}") = "Tests", "Tests\Tests.csproj", "{D40B8E35-67A0-4395-9321-25E226BF9D1D}"
EndProject
Global
	GlobalSection(SolutionConfigurationPlatforms) = preSolution
		Debug|Any CPU = Debug|Any CPU
		Release|Any CPU = Release|Any CPU
	EndGlobalSection
	GlobalSection(ProjectConfigurationPlatforms) = postSolution
		{2C18F39D-0F44-47B0-960B-1A78B4DFCD27}.Debug|Any CPU.ActiveCfg = Debug|Any CPU
		{2C18F39D-0F44-47B0-960B-1A78B4DFCD27}.Debug|Any CPU.Build.0 = Debug|Any CPU
		{2C18F39D-0F44-47B0-960B-1A78B4DFCD27}.Release|Any CPU.ActiveCfg = Release|Any CPU
		{2C18F39D-0F44-47B0-960B-1A78B4DFCD27}.Release|Any CPU.Build.0 = Release|Any CPU
		{D40B8E35-67A0-4395-9321-25E226BF9D1D}.Debug|Any CPU.ActiveCfg = Debug|Any CPU
		{D40B8E35-67A0-4395-9321-25E226BF9D1D}.Debug|Any CPU.Build.0 = Debug|Any CPU
		{D40B8E35-67A0-4395-9321-25E226BF9D1D}.Release|Any CPU.ActiveCfg = Release|Any CPU
		{D40B8E35-67A0-4395-9321-25E226BF9D1D}.Release|Any CPU.Build.0 = Release|Any CPU
	EndGlobalSection
	GlobalSection(SolutionProperties) = preSolution
		HideSolutionNode = FALSE
	EndGlobalSection
	GlobalSection(ExtensibilityGlobals) = postSolution
		SolutionGuid = {D934DB2C-AC6D-4BBD-BEAC-288CDB4D8C3B}
	EndGlobalSection
EndGlobal
